
Microsoft Visual Studio Solution File, Format Version 12.00
# Visual Studio Version 16
VisualStudioVersion = 16.0.32106.194
MinimumVisualStudioVersion = 10.0.40219.1
Project("{FAE04EC0-301F-11D3-BF4B-00C04F79EFBC}") = "Objetos", "Objetos.csproj", "{D6C582A8-CB10-4BE9-BAB3-EBC250142A88}"
EndProject
Global
	GlobalSection(SolutionConfigurationPlatforms) = preSolution
		Debug|Any CPU = Debug|Any CPU
		Release|Any CPU = Release|Any CPU
	EndGlobalSection
	GlobalSection(ProjectConfigurationPlatforms) = postSolution
		{D6C582A8-CB10-4BE9-BAB3-EBC250142A88}.Debug|Any CPU.ActiveCfg = Debug|Any CPU
		{D6C582A8-CB10-4BE9-BAB3-EBC250142A88}.Debug|Any CPU.Build.0 = Debug|Any CPU
		{D6C582A8-CB10-4BE9-BAB3-EBC250142A88}.Release|Any CPU.ActiveCfg = Release|Any CPU
		{D6C582A8-CB10-4BE9-BAB3-EBC250142A88}.Release|Any CPU.Build.0 = Release|Any CPU
	EndGlobalSection
	GlobalSection(SolutionProperties) = preSolution
		HideSolutionNode = FALSE
	EndGlobalSection
	GlobalSection(ExtensibilityGlobals) = postSolution
		SolutionGuid = {16C12861-932C-43BE-A9B4-5CE236ED76DD}
	EndGlobalSection
EndGlobal
